
Microsoft Visual Studio Solution File, Format Version 12.00
# Visual Studio Version 17
VisualStudioVersion = 17.14.36717.8 d17.14
MinimumVisualStudioVersion = 10.0.40219.1
Project("{FAE04EC0-301F-11D3-BF4B-00C04F79EFBC}") = "Day06Lab_1_231210730", "Day06Lab_1_231210730\Day06Lab_1_231210730.csproj", "{21F61661-EF68-4EE4-91D0-C0741BA4F93B}"
EndProject
Global
	GlobalSection(SolutionConfigurationPlatforms) = preSolution
		Debug|Any CPU = Debug|Any CPU
		Release|Any CPU = Release|Any CPU
	EndGlobalSection
	GlobalSection(ProjectConfigurationPlatforms) = postSolution
		{21F61661-EF68-4EE4-91D0-C0741BA4F93B}.Debug|Any CPU.ActiveCfg = Debug|Any CPU
		{21F61661-EF68-4EE4-91D0-C0741BA4F93B}.Debug|Any CPU.Build.0 = Debug|Any CPU
		{21F61661-EF68-4EE4-91D0-C0741BA4F93B}.Release|Any CPU.ActiveCfg = Release|Any CPU
		{21F61661-EF68-4EE4-91D0-C0741BA4F93B}.Release|Any CPU.Build.0 = Release|Any CPU
	EndGlobalSection
	GlobalSection(SolutionProperties) = preSolution
		HideSolutionNode = FALSE
	EndGlobalSection
	GlobalSection(ExtensibilityGlobals) = postSolution
		SolutionGuid = {D6C2536B-EA39-4FDA-974C-18BA77395F0A}
	EndGlobalSection
EndGlobal
