
Microsoft Visual Studio Solution File, Format Version 12.00
# Visual Studio Version 17
VisualStudioVersion = 17.14.36717.8 d17.14
MinimumVisualStudioVersion = 10.0.40219.1
Project("{FAE04EC0-301F-11D3-BF4B-00C04F79EFBC}") = "Day03Lab_3_231210730", "Day03Lab_3_231210730\Day03Lab_3_231210730.csproj", "{650FBC3B-F192-4963-9AAC-E2D45AB2BB03}"
EndProject
Global
	GlobalSection(SolutionConfigurationPlatforms) = preSolution
		Debug|Any CPU = Debug|Any CPU
		Release|Any CPU = Release|Any CPU
	EndGlobalSection
	GlobalSection(ProjectConfigurationPlatforms) = postSolution
		{650FBC3B-F192-4963-9AAC-E2D45AB2BB03}.Debug|Any CPU.ActiveCfg = Debug|Any CPU
		{650FBC3B-F192-4963-9AAC-E2D45AB2BB03}.Debug|Any CPU.Build.0 = Debug|Any CPU
		{650FBC3B-F192-4963-9AAC-E2D45AB2BB03}.Release|Any CPU.ActiveCfg = Release|Any CPU
		{650FBC3B-F192-4963-9AAC-E2D45AB2BB03}.Release|Any CPU.Build.0 = Release|Any CPU
	EndGlobalSection
	GlobalSection(SolutionProperties) = preSolution
		HideSolutionNode = FALSE
	EndGlobalSection
	GlobalSection(ExtensibilityGlobals) = postSolution
		SolutionGuid = {32849B11-3F5F-4B30-9556-BE6296E2275D}
	EndGlobalSection
EndGlobal
