
Microsoft Visual Studio Solution File, Format Version 12.00
# Visual Studio Version 17
VisualStudioVersion = 17.14.36717.8 d17.14
MinimumVisualStudioVersion = 10.0.40219.1
Project("{FAE04EC0-301F-11D3-BF4B-00C04F79EFBC}") = "Day03Lab_231210730", "Day03Lab_231210730\Day03Lab_231210730.csproj", "{79037498-0C6B-4D7F-8B98-4E2436CC0C61}"
EndProject
Global
	GlobalSection(SolutionConfigurationPlatforms) = preSolution
		Debug|Any CPU = Debug|Any CPU
		Release|Any CPU = Release|Any CPU
	EndGlobalSection
	GlobalSection(ProjectConfigurationPlatforms) = postSolution
		{79037498-0C6B-4D7F-8B98-4E2436CC0C61}.Debug|Any CPU.ActiveCfg = Debug|Any CPU
		{79037498-0C6B-4D7F-8B98-4E2436CC0C61}.Debug|Any CPU.Build.0 = Debug|Any CPU
		{79037498-0C6B-4D7F-8B98-4E2436CC0C61}.Release|Any CPU.ActiveCfg = Release|Any CPU
		{79037498-0C6B-4D7F-8B98-4E2436CC0C61}.Release|Any CPU.Build.0 = Release|Any CPU
	EndGlobalSection
	GlobalSection(SolutionProperties) = preSolution
		HideSolutionNode = FALSE
	EndGlobalSection
	GlobalSection(ExtensibilityGlobals) = postSolution
		SolutionGuid = {A0FB1830-84D7-4D7A-87A3-BCA7768DDDEB}
	EndGlobalSection
EndGlobal
